<Solution>
  <Folder Name="/analyzers/">
    <Project Path="analyzers\Tenantry.AspNetCore.Analyzers\Tenantry.AspNetCore.Analyzers.csproj" />
    <Project Path="analyzers\Tenantry.EfCore.Analyzers\Tenantry.EfCore.Analyzers.csproj" />
  </Folder>
  <Folder Name="/samples/">
    <Project Path="samples\Tenantry.Samples.Aot\Tenantry.Samples.Aot.csproj" />
    <Project Path="samples\Tenantry.Samples.DatabasePerTenant\Tenantry.Samples.DatabasePerTenant.csproj" />
    <Project Path="samples\Tenantry.Samples.EfCoreConsole\Tenantry.Samples.EfCoreConsole.csproj" />
    <Project Path="samples\Tenantry.Samples.EfCoreWeb\Tenantry.Samples.EfCoreWeb.csproj" />
    <Project Path="samples\Tenantry.Samples.Quickstart\Tenantry.Samples.Quickstart.csproj" />
    <Project Path="samples\Tenantry.Samples.SecureApi\Tenantry.Samples.SecureApi.csproj" />
  </Folder>
  <Folder Name="/src/">
    <Project Path="src\Tenantry.AspNetCore\Tenantry.AspNetCore.csproj" />
    <Project Path="src\Tenantry.Caching\Tenantry.Caching.csproj" />
    <Project Path="src\Tenantry.Core\Tenantry.Core.csproj" />
    <Project Path="src\Tenantry.EfCore\Tenantry.EfCore.csproj" />
    <Project Path="src\Tenantry.Http\Tenantry.Http.csproj" />
    <Project Path="src\Tenantry.Options\Tenantry.Options.csproj" />
  </Folder>
  <Folder Name="/tests/">
    <Project Path="tests\Tenantry.Analyzers.Tests\Tenantry.Analyzers.Tests.csproj" />
    <Project Path="tests\Tenantry.AspNetCore.Tests\Tenantry.AspNetCore.Tests.csproj" />
    <Project Path="tests\Tenantry.Caching.Tests\Tenantry.Caching.Tests.csproj" />
    <Project Path="tests\Tenantry.Core.Tests\Tenantry.Core.Tests.csproj" />
    <Project Path="tests\Tenantry.EfCore.Tests\Tenantry.EfCore.Tests.csproj" />
    <Project Path="tests\Tenantry.Http.Tests\Tenantry.Http.Tests.csproj" />
    <Project Path="tests\Tenantry.IntegrationTests\Tenantry.IntegrationTests.csproj" />
    <Project Path="tests\Tenantry.Options.Tests\Tenantry.Options.Tests.csproj" />
  </Folder>
</Solution>
